// !$*UTF8*$!
{
	archiveVersion = 1;
	classes = {
	};
	objectVersion = 56;
	objects = {

/* Begin PBXBuildFile section */
		859A93902A74A5DC00F34C94 /* MagiContactsApp.swift in Sources */ = {isa = PBXBuildFile; fileRef = 859A938F2A74A5DC00F34C94 /* MagiContactsApp.swift */; };
		859A93922A74A5DC00F34C94 /* ContentView.swift in Sources */ = {isa = PBXBuildFile; fileRef = 859A93912A74A5DC00F34C94 /* ContentView.swift */; };
		859A93942A74A5DD00F34C94 /* Assets.xcassets in Resources */ = {isa = PBXBuildFile; fileRef = 859A93932A74A5DD00F34C94 /* Assets.xcassets */; };
		859A93982A74A5DD00F34C94 /* Preview Assets.xcassets in Resources */ = {isa = PBXBuildFile; fileRef = 859A93972A74A5DD00F34C94 /* Preview Assets.xcassets */; };
		859A93A22A74A5DD00F34C94 /* MagiContactsTests.swift in Sources */ = {isa = PBXBuildFile; fileRef = 859A93A12A74A5DD00F34C94 /* MagiContactsTests.swift */; };
		859A93AC2A74A5DD00F34C94 /* MagiContactsUITests.swift in Sources */ = {isa = PBXBuildFile; fileRef = 859A93AB2A74A5DD00F34C94 /* MagiContactsUITests.swift */; };
		859A93AE2A74A5DD00F34C94 /* MagiContactsUITestsLaunchTests.swift in Sources */ = {isa = PBXBuildFile; fileRef = 859A93AD2A74A5DD00F34C94 /* MagiContactsUITestsLaunchTests.swift */; };
/* End PBXBuildFile section */

/* Begin PBXContainerItemProxy section */
		859A939E2A74A5DD00F34C94 /* PBXContainerItemProxy */ = {
			isa = PBXContainerItemProxy;
			containerPortal = 859A93842A74A5DC00F34C94 /* Project object */;
			proxyType = 1;
			remoteGlobalIDString = 859A938B2A74A5DC00F34C94;
			remoteInfo = MagiContacts;
		};
		859A93A82A74A5DD00F34C94 /* PBXContainerItemProxy */ = {
			isa = PBXContainerItemProxy;
			containerPortal = 859A93842A74A5DC00F34C94 /* Project object */;
			proxyType = 1;
			remoteGlobalIDString = 859A938B2A74A5DC00F34C94;
			remoteInfo = MagiContacts;
		};
/* End PBXContainerItemProxy section */

/* Begin PBXFileReference section */
		859A938C2A74A5DC00F34C94 /* MagiContacts.app */ = {isa = PBXFileReference; explicitFileType = wrapper.application; includeInIndex = 0; path = MagiContacts.app; sourceTree = BUILT_PRODUCTS_DIR; };
		859A938F2A74A5DC00F34C94 /* MagiContactsApp.swift */ = {isa = PBXFileReference; lastKnownFileType = sourcecode.swift; path = MagiContactsApp.swift; sourceTree = "<group>"; };
		859A93912A74A5DC00F34C94 /* ContentView.swift */ = {isa = PBXFileReference; lastKnownFileType = sourcecode.swift; path = ContentView.swift; sourceTree = "<group>"; };
		859A93932A74A5DD00F34C94 /* Assets.xcassets */ = {isa = PBXFileReference; lastKnownFileType = folder.assetcatalog; path = Assets.xcassets; sourceTree = "<group>"; };
		859A93952A74A5DD00F34C94 /* MagiContacts.entitlements */ = {isa = PBXFileReference; lastKnownFileType = text.plist.entitlements; path = MagiContacts.entitlements; sourceTree = "<group>"; };
		859A93972A74A5DD00F34C94 /* Preview Assets.xcassets */ = {isa = PBXFileReference; lastKnownFileType = folder.assetcatalog; path = "Preview Assets.xcassets"; sourceTree = "<group>"; };
		859A939D2A74A5DD00F34C94 /* MagiContactsTests.xctest */ = {isa = PBXFileReference; explicitFileType = wrapper.cfbundle; includeInIndex = 0; path = MagiContactsTests.xctest; sourceTree = BUILT_PRODUCTS_DIR; };
		859A93A12A74A5DD00F34C94 /* MagiContactsTests.swift */ = {isa = PBXFileReference; lastKnownFileType = sourcecode.swift; path = MagiContactsTests.swift; sourceTree = "<group>"; };
		859A93A72A74A5DD00F34C94 /* MagiContactsUITests.xctest */ = {isa = PBXFileReference; explicitFileType = wrapper.cfbundle; includeInIndex = 0; path = MagiContactsUITests.xctest; sourceTree = BUILT_PRODUCTS_DIR; };
		859A93AB2A74A5DD00F34C94 /* MagiContactsUITests.swift */ = {isa = PBXFileReference; lastKnownFileType = sourcecode.swift; path = MagiContactsUITests.swift; sourceTree = "<group>"; };
		859A93AD2A74A5DD00F34C94 /* MagiContactsUITestsLaunchTests.swift */ = {isa = PBXFileReference; lastKnownFileType = sourcecode.swift; path = MagiContactsUITestsLaunchTests.swift; sourceTree = "<group>"; };
/* End PBXFileReference section */

/* Begin PBXFrameworksBuildPhase section */
		859A93892A74A5DC00F34C94 /* Frameworks */ = {
			isa = PBXFrameworksBuildPhase;
			buildActionMask = 2147483647;
			files = (
			);
			runOnlyForDeploymentPostprocessing = 0;
		};
		859A939A2A74A5DD00F34C94 /* Frameworks */ = {
			isa = PBXFrameworksBuildPhase;
			buildActionMask = 2147483647;
			files = (
			);
			runOnlyForDeploymentPostprocessing = 0;
		};
		859A93A42A74A5DD00F34C94 /* Frameworks */ = {
			isa = PBXFrameworksBuildPhase;
			buildActionMask = 2147483647;
			files = (
			);
			runOnlyForDeploymentPostprocessing = 0;
		};
/* End PBXFrameworksBuildPhase section */

/* Begin PBXGroup section */
		859A93832A74A5DC00F34C94 = {
			isa = PBXGroup;
			children = (
				859A938E2A74A5DC00F34C94 /* MagiContacts */,
				859A93A02A74A5DD00F34C94 /* MagiContactsTests */,
				859A93AA2A74A5DD00F34C94 /* MagiContactsUITests */,
				859A938D2A74A5DC00F34C94 /* Products */,
			);
			sourceTree = "<group>";
		};
		859A938D2A74A5DC00F34C94 /* Products */ = {
			isa = PBXGroup;
			children = (
				859A938C2A74A5DC00F34C94 /* MagiContacts.app */,
				859A939D2A74A5DD00F34C94 /* MagiContactsTests.xctest */,
				859A93A72A74A5DD00F34C94 /* MagiContactsUITests.xctest */,
			);
			name = Products;
			sourceTree = "<group>";
		};
		859A938E2A74A5DC00F34C94 /* MagiContacts */ = {
			isa = PBXGroup;
			children = (
				859A938F2A74A5DC00F34C94 /* MagiContactsApp.swift */,
				859A93912A74A5DC00F34C94 /* ContentView.swift */,
				859A93932A74A5DD00F34C94 /* Assets.xcassets */,
				859A93952A74A5DD00F34C94 /* MagiContacts.entitlements */,
				859A93962A74A5DD00F34C94 /* Preview Content */,
			);
			path = MagiContacts;
			sourceTree = "<group>";
		};
		859A93962A74A5DD00F34C94 /* Preview Content */ = {
			isa = PBXGroup;
			children = (
				859A93972A74A5DD00F34C94 /* Preview Assets.xcassets */,
			);
			path = "Preview Content";
			sourceTree = "<group>";
		};
		859A93A02A74A5DD00F34C94 /* MagiContactsTests */ = {
			isa = PBXGroup;
			children = (
				859A93A12A74A5DD00F34C94 /* MagiContactsTests.swift */,
			);
			path = MagiContactsTests;
			sourceTree = "<group>";
		};
		859A93AA2A74A5DD00F34C94 /* MagiContactsUITests */ = {
			isa = PBXGroup;
			children = (
				859A93AB2A74A5DD00F34C94 /* MagiContactsUITests.swift */,
				859A93AD2A74A5DD00F34C94 /* MagiContactsUITestsLaunchTests.swift */,
			);
			path = MagiContactsUITests;
			sourceTree = "<group>";
		};
/* End PBXGroup section */

/* Begin PBXNativeTarget section */
		859A938B2A74A5DC00F34C94 /* MagiContacts */ = {
			isa = PBXNativeTarget;
			buildConfigurationList = 859A93B12A74A5DD00F34C94 /* Build configuration list for PBXNativeTarget "MagiContacts" */;
			buildPhases = (
				859A93882A74A5DC00F34C94 /* Sources */,
				859A93892A74A5DC00F34C94 /* Frameworks */,
				859A938A2A74A5DC00F34C94 /* Resources */,
			);
			buildRules = (
			);
			dependencies = (
			);
			name = MagiContacts;
			productName = MagiContacts;
			productReference = 859A938C2A74A5DC00F34C94 /* MagiContacts.app */;
			productType = "com.apple.product-type.application";
		};
		859A939C2A74A5DD00F34C94 /* MagiContactsTests */ = {
			isa = PBXNativeTarget;
			buildConfigurationList = 859A93B42A74A5DD00F34C94 /* Build configuration list for PBXNativeTarget "MagiContactsTests" */;
			buildPhases = (
				859A93992A74A5DD00F34C94 /* Sources */,
				859A939A2A74A5DD00F34C94 /* Frameworks */,
				859A939B2A74A5DD00F34C94 /* Resources */,
			);
			buildRules = (
			);
			dependencies = (
				859A939F2A74A5DD00F34C94 /* PBXTargetDependency */,
			);
			name = MagiContactsTests;
			productName = MagiContactsTests;
			productReference = 859A939D2A74A5DD00F34C94 /* MagiContactsTests.xctest */;
			productType = "com.apple.product-type.bundle.unit-test";
		};
		859A93A62A74A5DD00F34C94 /* MagiContactsUITests */ = {
			isa = PBXNativeTarget;
			buildConfigurationList = 859A93B72A74A5DD00F34C94 /* Build configuration list for PBXNativeTarget "MagiContactsUITests" */;
			buildPhases = (
				859A93A32A74A5DD00F34C94 /* Sources */,
				859A93A42A74A5DD00F34C94 /* Frameworks */,
				859A93A52A74A5DD00F34C94 /* Resources */,
			);
			buildRules = (
			);
			dependencies = (
				859A93A92A74A5DD00F34C94 /* PBXTargetDependency */,
			);
			name = MagiContactsUITests;
			productName = MagiContactsUITests;
			productReference = 859A93A72A74A5DD00F34C94 /* MagiContactsUITests.xctest */;
			productType = "com.apple.product-type.bundle.ui-testing";
		};
/* End PBXNativeTarget section */

/* Begin PBXProject section */
		859A93842A74A5DC00F34C94 /* Project object */ = {
			isa = PBXProject;
			attributes = {
				BuildIndependentTargetsInParallel = 1;
				LastSwiftUpdateCheck = 1430;
				LastUpgradeCheck = 1430;
				TargetAttributes = {
					859A938B2A74A5DC00F34C94 = {
						CreatedOnToolsVersion = 14.3.1;
					};
					859A939C2A74A5DD00F34C94 = {
						CreatedOnToolsVersion = 14.3.1;
						TestTargetID = 859A938B2A74A5DC00F34C94;
					};
					859A93A62A74A5DD00F34C94 = {
						CreatedOnToolsVersion = 14.3.1;
						TestTargetID = 859A938B2A74A5DC00F34C94;
					};
				};
			};
			buildConfigurationList = 859A93872A74A5DC00F34C94 /* Build configuration list for PBXProject "MagiContacts" */;
			compatibilityVersion = "Xcode 14.0";
			developmentRegion = en;
			hasScannedForEncodings = 0;
			knownRegions = (
				en,
				Base,
			);
			mainGroup = 859A93832A74A5DC00F34C94;
			productRefGroup = 859A938D2A74A5DC00F34C94 /* Products */;
			projectDirPath = "";
			projectRoot = "";
			targets = (
				859A938B2A74A5DC00F34C94 /* MagiContacts */,
				859A939C2A74A5DD00F34C94 /* MagiContactsTests */,
				859A93A62A74A5DD00F34C94 /* MagiContactsUITests */,
			);
		};
/* End PBXProject section */

/* Begin PBXResourcesBuildPhase section */
		859A938A2A74A5DC00F34C94 /* Resources */ = {
			isa = PBXResourcesBuildPhase;
			buildActionMask = 2147483647;
			files = (
				859A93982A74A5DD00F34C94 /* Preview Assets.xcassets in Resources */,
				859A93942A74A5DD00F34C94 /* Assets.xcassets in Resources */,
			);
			runOnlyForDeploymentPostprocessing = 0;
		};
		859A939B2A74A5DD00F34C94 /* Resources */ = {
			isa = PBXResourcesBuildPhase;
			buildActionMask = 2147483647;
			files = (
			);
			runOnlyForDeploymentPostprocessing = 0;
		};
		859A93A52A74A5DD00F34C94 /* Resources */ = {
			isa = PBXResourcesBuildPhase;
			buildActionMask = 2147483647;
			files = (
			);
			runOnlyForDeploymentPostprocessing = 0;
		};
/* End PBXResourcesBuildPhase section */

/* Begin PBXSourcesBuildPhase section */
		859A93882A74A5DC00F34C94 /* Sources */ = {
			isa = PBXSourcesBuildPhase;
			buildActionMask = 2147483647;
			files = (
				859A93922A74A5DC00F34C94 /* ContentView.swift in Sources */,
				859A93902A74A5DC00F34C94 /* MagiContactsApp.swift in Sources */,
			);
			runOnlyForDeploymentPostprocessing = 0;
		};
		859A93992A74A5DD00F34C94 /* Sources */ = {
			isa = PBXSourcesBuildPhase;
			buildActionMask = 2147483647;
			files = (
				859A93A22A74A5DD00F34C94 /* MagiContactsTests.swift in Sources */,
			);
			runOnlyForDeploymentPostprocessing = 0;
		};
		859A93A32A74A5DD00F34C94 /* Sources */ = {
			isa = PBXSourcesBuildPhase;
			buildActionMask = 2147483647;
			files = (
				859A93AC2A74A5DD00F34C94 /* MagiContactsUITests.swift in Sources */,
				859A93AE2A74A5DD00F34C94 /* MagiContactsUITestsLaunchTests.swift in Sources */,
			);
			runOnlyForDeploymentPostprocessing = 0;
		};
/* End PBXSourcesBuildPhase section */

/* Begin PBXTargetDependency section */
		859A939F2A74A5DD00F34C94 /* PBXTargetDependency */ = {
			isa = PBXTargetDependency;
			target = 859A938B2A74A5DC00F34C94 /* MagiContacts */;
			targetProxy = 859A939E2A74A5DD00F34C94 /* PBXContainerItemProxy */;
		};
		859A93A92A74A5DD00F34C94 /* PBXTargetDependency */ = {
			isa = PBXTargetDependency;
			target = 859A938B2A74A5DC00F34C94 /* MagiContacts */;
			targetProxy = 859A93A82A74A5DD00F34C94 /* PBXContainerItemProxy */;
		};
/* End PBXTargetDependency section */

/* Begin XCBuildConfiguration section */
		859A93AF2A74A5DD00F34C94 /* Debug */ = {
			isa = XCBuildConfiguration;
			buildSettings = {
				ALWAYS_SEARCH_USER_PATHS = NO;
				CLANG_ANALYZER_NONNULL = YES;
				CLANG_ANALYZER_NUMBER_OBJECT_CONVERSION = YES_AGGRESSIVE;
				CLANG_CXX_LANGUAGE_STANDARD = "gnu++20";
				CLANG_ENABLE_MODULES = YES;
				CLANG_ENABLE_OBJC_ARC = YES;
				CLANG_ENABLE_OBJC_WEAK = YES;
				CLANG_WARN_BLOCK_CAPTURE_AUTORELEASING = YES;
				CLANG_WARN_BOOL_CONVERSION = YES;
				CLANG_WARN_COMMA = YES;
				CLANG_WARN_CONSTANT_CONVERSION = YES;
				CLANG_WARN_DEPRECATED_OBJC_IMPLEMENTATIONS = YES;
				CLANG_WARN_DIRECT_OBJC_ISA_USAGE = YES_ERROR;
				CLANG_WARN_DOCUMENTATION_COMMENTS = YES;
				CLANG_WARN_EMPTY_BODY = YES;
				CLANG_WARN_ENUM_CONVERSION = YES;
				CLANG_WARN_INFINITE_RECURSION = YES;
				CLANG_WARN_INT_CONVERSION = YES;
				CLANG_WARN_NON_LITERAL_NULL_CONVERSION = YES;
				CLANG_WARN_OBJC_IMPLICIT_RETAIN_SELF = YES;
				CLANG_WARN_OBJC_LITERAL_CONVERSION = YES;
				CLANG_WARN_OBJC_ROOT_CLASS = YES_ERROR;
				CLANG_WARN_QUOTED_INCLUDE_IN_FRAMEWORK_HEADER = YES;
				CLANG_WARN_RANGE_LOOP_ANALYSIS = YES;
				CLANG_WARN_STRICT_PROTOTYPES = YES;
				CLANG_WARN_SUSPICIOUS_MOVE = YES;
				CLANG_WARN_UNGUARDED_AVAILABILITY = YES_AGGRESSIVE;
				CLANG_WARN_UNREACHABLE_CODE = YES;
				CLANG_WARN__DUPLICATE_METHOD_MATCH = YES;
				COPY_PHASE_STRIP = NO;
				DEBUG_INFORMATION_FORMAT = dwarf;
				ENABLE_STRICT_OBJC_MSGSEND = YES;
				ENABLE_TESTABILITY = YES;
				GCC_C_LANGUAGE_STANDARD = gnu11;
				GCC_DYNAMIC_NO_PIC = NO;
				GCC_NO_COMMON_BLOCKS = YES;
				GCC_OPTIMIZATION_LEVEL = 0;
				GCC_PREPROCESSOR_DEFINITIONS = (
					"DEBUG=1",
					"$(inherited)",
				);
				GCC_WARN_64_TO_32_BIT_CONVERSION = YES;
				GCC_WARN_ABOUT_RETURN_TYPE = YES_ERROR;
				GCC_WARN_UNDECLARED_SELECTOR = YES;
				GCC_WARN_UNINITIALIZED_AUTOS = YES_AGGRESSIVE;
				GCC_WARN_UNUSED_FUNCTION = YES;
				GCC_WARN_UNUSED_VARIABLE = YES;
				MTL_ENABLE_DEBUG_INFO = INCLUDE_SOURCE;
				MTL_FAST_MATH = YES;
				ONLY_ACTIVE_ARCH = YES;
				SWIFT_ACTIVE_COMPILATION_CONDITIONS = DEBUG;
				SWIFT_OPTIMIZATION_LEVEL = "-Onone";
			};
			name = Debug;
		};
		859A93B02A74A5DD00F34C94 /* Release */ = {
			isa = XCBuildConfiguration;
			buildSettings = {
				ALWAYS_SEARCH_USER_PATHS = NO;
				CLANG_ANALYZER_NONNULL = YES;
				CLANG_ANALYZER_NUMBER_OBJECT_CONVERSION = YES_AGGRESSIVE;
				CLANG_CXX_LANGUAGE_STANDARD = "gnu++20";
				CLANG_ENABLE_MODULES = YES;
				CLANG_ENABLE_OBJC_ARC = YES;
				CLANG_ENABLE_OBJC_WEAK = YES;
				CLANG_WARN_BLOCK_CAPTURE_AUTORELEASING = YES;
				CLANG_WARN_BOOL_CONVERSION = YES;
				CLANG_WARN_COMMA = YES;
				CLANG_WARN_CONSTANT_CONVERSION = YES;
				CLANG_WARN_DEPRECATED_OBJC_IMPLEMENTATIONS = YES;
				CLANG_WARN_DIRECT_OBJC_ISA_USAGE = YES_ERROR;
				CLANG_WARN_DOCUMENTATION_COMMENTS = YES;
				CLANG_WARN_EMPTY_BODY = YES;
				CLANG_WARN_ENUM_CONVERSION = YES;
				CLANG_WARN_INFINITE_RECURSION = YES;
				CLANG_WARN_INT_CONVERSION = YES;
				CLANG_WARN_NON_LITERAL_NULL_CONVERSION = YES;
				CLANG_WARN_OBJC_IMPLICIT_RETAIN_SELF = YES;
				CLANG_WARN_OBJC_LITERAL_CONVERSION = YES;
				CLANG_WARN_OBJC_ROOT_CLASS = YES_ERROR;
				CLANG_WARN_QUOTED_INCLUDE_IN_FRAMEWORK_HEADER = YES;
				CLANG_WARN_RANGE_LOOP_ANALYSIS = YES;
				CLANG_WARN_STRICT_PROTOTYPES = YES;
				CLANG_WARN_SUSPICIOUS_MOVE = YES;
				CLANG_WARN_UNGUARDED_AVAILABILITY = YES_AGGRESSIVE;
				CLANG_WARN_UNREACHABLE_CODE = YES;
				CLANG_WARN__DUPLICATE_METHOD_MATCH = YES;
				COPY_PHASE_STRIP = NO;
				DEBUG_INFORMATION_FORMAT = "dwarf-with-dsym";
				ENABLE_NS_ASSERTIONS = NO;
				ENABLE_STRICT_OBJC_MSGSEND = YES;
				GCC_C_LANGUAGE_STANDARD = gnu11;
				GCC_NO_COMMON_BLOCKS = YES;
				GCC_WARN_64_TO_32_BIT_CONVERSION = YES;
				GCC_WARN_ABOUT_RETURN_TYPE = YES_ERROR;
				GCC_WARN_UNDECLARED_SELECTOR = YES;
				GCC_WARN_UNINITIALIZED_AUTOS = YES_AGGRESSIVE;
				GCC_WARN_UNUSED_FUNCTION = YES;
				GCC_WARN_UNUSED_VARIABLE = YES;
				MTL_ENABLE_DEBUG_INFO = NO;
				MTL_FAST_MATH = YES;
				SWIFT_COMPILATION_MODE = wholemodule;
				SWIFT_OPTIMIZATION_LEVEL = "-O";
			};
			name = Release;
		};
		859A93B22A74A5DD00F34C94 /* Debug */ = {
			isa = XCBuildConfiguration;
			buildSettings = {
				ASSETCATALOG_COMPILER_APPICON_NAME = AppIcon;
				ASSETCATALOG_COMPILER_GLOBAL_ACCENT_COLOR_NAME = AccentColor;
				CODE_SIGN_ENTITLEMENTS = MagiContacts/MagiContacts.entitlements;
				CODE_SIGN_STYLE = Automatic;
				CURRENT_PROJECT_VERSION = 1;
				DEVELOPMENT_ASSET_PATHS = "\"MagiContacts/Preview Content\"";
				ENABLE_PREVIEWS = YES;
				GENERATE_INFOPLIST_FILE = YES;
				"INFOPLIST_KEY_UIApplicationSceneManifest_Generation[sdk=iphoneos*]" = YES;
				"INFOPLIST_KEY_UIApplicationSceneManifest_Generation[sdk=iphonesimulator*]" = YES;
				"INFOPLIST_KEY_UIApplicationSupportsIndirectInputEvents[sdk=iphoneos*]" = YES;
				"INFOPLIST_KEY_UIApplicationSupportsIndirectInputEvents[sdk=iphonesimulator*]" = YES;
				"INFOPLIST_KEY_UILaunchScreen_Generation[sdk=iphoneos*]" = YES;
				"INFOPLIST_KEY_UILaunchScreen_Generation[sdk=iphonesimulator*]" = YES;
				"INFOPLIST_KEY_UIStatusBarStyle[sdk=iphoneos*]" = UIStatusBarStyleDefault;
				"INFOPLIST_KEY_UIStatusBarStyle[sdk=iphonesimulator*]" = UIStatusBarStyleDefault;
				INFOPLIST_KEY_UISupportedInterfaceOrientations_iPad = "UIInterfaceOrientationPortrait UIInterfaceOrientationPortraitUpsideDown UIInterfaceOrientationLandscapeLeft UIInterfaceOrientationLandscapeRight";
				INFOPLIST_KEY_UISupportedInterfaceOrientations_iPhone = "UIInterfaceOrientationPortrait UIInterfaceOrientationLandscapeLeft UIInterfaceOrientationLandscapeRight";
				IPHONEOS_DEPLOYMENT_TARGET = 16.4;
				LD_RUNPATH_SEARCH_PATHS = "@executable_path/Frameworks";
				"LD_RUNPATH_SEARCH_PATHS[sdk=macosx*]" = "@executable_path/../Frameworks";
				MACOSX_DEPLOYMENT_TARGET = 13.3;
				MARKETING_VERSION = 1.0;
				PRODUCT_BUNDLE_IDENTIFIER = com.hephyr.MagiContacts;
				PRODUCT_NAME = "$(TARGET_NAME)";
				SDKROOT = auto;
				SUPPORTED_PLATFORMS = "iphoneos iphonesimulator macosx";
				SWIFT_EMIT_LOC_STRINGS = YES;
				SWIFT_VERSION = 5.0;
				TARGETED_DEVICE_FAMILY = "1,2";
			};
			name = Debug;
		};
		859A93B32A74A5DD00F34C94 /* Release */ = {
			isa = XCBuildConfiguration;
			buildSettings = {
				ASSETCATALOG_COMPILER_APPICON_NAME = AppIcon;
				ASSETCATALOG_COMPILER_GLOBAL_ACCENT_COLOR_NAME = AccentColor;
				CODE_SIGN_ENTITLEMENTS = MagiContacts/MagiContacts.entitlements;
				CODE_SIGN_STYLE = Automatic;
				CURRENT_PROJECT_VERSION = 1;
				DEVELOPMENT_ASSET_PATHS = "\"MagiContacts/Preview Content\"";
				ENABLE_PREVIEWS = YES;
				GENERATE_INFOPLIST_FILE = YES;
				"INFOPLIST_KEY_UIApplicationSceneManifest_Generation[sdk=iphoneos*]" = YES;
				"INFOPLIST_KEY_UIApplicationSceneManifest_Generation[sdk=iphonesimulator*]" = YES;
				"INFOPLIST_KEY_UIApplicationSupportsIndirectInputEvents[sdk=iphoneos*]" = YES;
				"INFOPLIST_KEY_UIApplicationSupportsIndirectInputEvents[sdk=iphonesimulator*]" = YES;
				"INFOPLIST_KEY_UILaunchScreen_Generation[sdk=iphoneos*]" = YES;
				"INFOPLIST_KEY_UILaunchScreen_Generation[sdk=iphonesimulator*]" = YES;
				"INFOPLIST_KEY_UIStatusBarStyle[sdk=iphoneos*]" = UIStatusBarStyleDefault;
				"INFOPLIST_KEY_UIStatusBarStyle[sdk=iphonesimulator*]" = UIStatusBarStyleDefault;
				INFOPLIST_KEY_UISupportedInterfaceOrientations_iPad = "UIInterfaceOrientationPortrait UIInterfaceOrientationPortraitUpsideDown UIInterfaceOrientationLandscapeLeft UIInterfaceOrientationLandscapeRight";
				INFOPLIST_KEY_UISupportedInterfaceOrientations_iPhone = "UIInterfaceOrientationPortrait UIInterfaceOrientationLandscapeLeft UIInterfaceOrientationLandscapeRight";
				IPHONEOS_DEPLOYMENT_TARGET = 16.4;
				LD_RUNPATH_SEARCH_PATHS = "@executable_path/Frameworks";
				"LD_RUNPATH_SEARCH_PATHS[sdk=macosx*]" = "@executable_path/../Frameworks";
				MACOSX_DEPLOYMENT_TARGET = 13.3;
				MARKETING_VERSION = 1.0;
				PRODUCT_BUNDLE_IDENTIFIER = com.hephyr.MagiContacts;
				PRODUCT_NAME = "$(TARGET_NAME)";
				SDKROOT = auto;
				SUPPORTED_PLATFORMS = "iphoneos iphonesimulator macosx";
				SWIFT_EMIT_LOC_STRINGS = YES;
				SWIFT_VERSION = 5.0;
				TARGETED_DEVICE_FAMILY = "1,2";
			};
			name = Release;
		};
		859A93B52A74A5DD00F34C94 /* Debug */ = {
			isa = XCBuildConfiguration;
			buildSettings = {
				ALWAYS_EMBED_SWIFT_STANDARD_LIBRARIES = YES;
				BUNDLE_LOADER = "$(TEST_HOST)";
				CODE_SIGN_STYLE = Automatic;
				CURRENT_PROJECT_VERSION = 1;
				GENERATE_INFOPLIST_FILE = YES;
				IPHONEOS_DEPLOYMENT_TARGET = 16.4;
				MACOSX_DEPLOYMENT_TARGET = 13.3;
				MARKETING_VERSION = 1.0;
				PRODUCT_BUNDLE_IDENTIFIER = com.hephyr.MagiContactsTests;
				PRODUCT_NAME = "$(TARGET_NAME)";
				SDKROOT = auto;
				SUPPORTED_PLATFORMS = "iphoneos iphonesimulator macosx";
				SWIFT_EMIT_LOC_STRINGS = NO;
				SWIFT_VERSION = 5.0;
				TARGETED_DEVICE_FAMILY = "1,2";
				TEST_HOST = "$(BUILT_PRODUCTS_DIR)/MagiContacts.app/$(BUNDLE_EXECUTABLE_FOLDER_PATH)/MagiContacts";
			};
			name = Debug;
		};
		859A93B62A74A5DD00F34C94 /* Release */ = {
			isa = XCBuildConfiguration;
			buildSettings = {
				ALWAYS_EMBED_SWIFT_STANDARD_LIBRARIES = YES;
				BUNDLE_LOADER = "$(TEST_HOST)";
				CODE_SIGN_STYLE = Automatic;
				CURRENT_PROJECT_VERSION = 1;
				GENERATE_INFOPLIST_FILE = YES;
				IPHONEOS_DEPLOYMENT_TARGET = 16.4;
				MACOSX_DEPLOYMENT_TARGET = 13.3;
				MARKETING_VERSION = 1.0;
				PRODUCT_BUNDLE_IDENTIFIER = com.hephyr.MagiContactsTests;
				PRODUCT_NAME = "$(TARGET_NAME)";
				SDKROOT = auto;
				SUPPORTED_PLATFORMS = "iphoneos iphonesimulator macosx";
				SWIFT_EMIT_LOC_STRINGS = NO;
				SWIFT_VERSION = 5.0;
				TARGETED_DEVICE_FAMILY = "1,2";
				TEST_HOST = "$(BUILT_PRODUCTS_DIR)/MagiContacts.app/$(BUNDLE_EXECUTABLE_FOLDER_PATH)/MagiContacts";
			};
			name = Release;
		};
		859A93B82A74A5DD00F34C94 /* Debug */ = {
			isa = XCBuildConfiguration;
			buildSettings = {
				ALWAYS_EMBED_SWIFT_STANDARD_LIBRARIES = YES;
				CODE_SIGN_STYLE = Automatic;
				CURRENT_PROJECT_VERSION = 1;
				GENERATE_INFOPLIST_FILE = YES;
				IPHONEOS_DEPLOYMENT_TARGET = 16.4;
				MACOSX_DEPLOYMENT_TARGET = 13.3;
				MARKETING_VERSION = 1.0;
				PRODUCT_BUNDLE_IDENTIFIER = com.hephyr.MagiContactsUITests;
				PRODUCT_NAME = "$(TARGET_NAME)";
				SDKROOT = auto;
				SUPPORTED_PLATFORMS = "iphoneos iphonesimulator macosx";
				SWIFT_EMIT_LOC_STRINGS = NO;
				SWIFT_VERSION = 5.0;
				TARGETED_DEVICE_FAMILY = "1,2";
				TEST_TARGET_NAME = MagiContacts;
			};
			name = Debug;
		};
		859A93B92A74A5DD00F34C94 /* Release */ = {
			isa = XCBuildConfiguration;
			buildSettings = {
				ALWAYS_EMBED_SWIFT_STANDARD_LIBRARIES = YES;
				CODE_SIGN_STYLE = Automatic;
				CURRENT_PROJECT_VERSION = 1;
				GENERATE_INFOPLIST_FILE = YES;
				IPHONEOS_DEPLOYMENT_TARGET = 16.4;
				MACOSX_DEPLOYMENT_TARGET = 13.3;
				MARKETING_VERSION = 1.0;
				PRODUCT_BUNDLE_IDENTIFIER = com.hephyr.MagiContactsUITests;
				PRODUCT_NAME = "$(TARGET_NAME)";
				SDKROOT = auto;
				SUPPORTED_PLATFORMS = "iphoneos iphonesimulator macosx";
				SWIFT_EMIT_LOC_STRINGS = NO;
				SWIFT_VERSION = 5.0;
				TARGETED_DEVICE_FAMILY = "1,2";
				TEST_TARGET_NAME = MagiContacts;
			};
			name = Release;
		};
/* End XCBuildConfiguration section */

/* Begin XCConfigurationList section */
		859A93872A74A5DC00F34C94 /* Build configuration list for PBXProject "MagiContacts" */ = {
			isa = XCConfigurationList;
			buildConfigurations = (
				859A93AF2A74A5DD00F34C94 /* Debug */,
				859A93B02A74A5DD00F34C94 /* Release */,
			);
			defaultConfigurationIsVisible = 0;
			defaultConfigurationName = Release;
		};
		859A93B12A74A5DD00F34C94 /* Build configuration list for PBXNativeTarget "MagiContacts" */ = {
			isa = XCConfigurationList;
			buildConfigurations = (
				859A93B22A74A5DD00F34C94 /* Debug */,
				859A93B32A74A5DD00F34C94 /* Release */,
			);
			defaultConfigurationIsVisible = 0;
			defaultConfigurationName = Release;
		};
		859A93B42A74A5DD00F34C94 /* Build configuration list for PBXNativeTarget "MagiContactsTests" */ = {
			isa = XCConfigurationList;
			buildConfigurations = (
				859A93B52A74A5DD00F34C94 /* Debug */,
				859A93B62A74A5DD00F34C94 /* Release */,
			);
			defaultConfigurationIsVisible = 0;
			defaultConfigurationName = Release;
		};
		859A93B72A74A5DD00F34C94 /* Build configuration list for PBXNativeTarget "MagiContactsUITests" */ = {
			isa = XCConfigurationList;
			buildConfigurations = (
				859A93B82A74A5DD00F34C94 /* Debug */,
				859A93B92A74A5DD00F34C94 /* Release */,
			);
			defaultConfigurationIsVisible = 0;
			defaultConfigurationName = Release;
		};
/* End XCConfigurationList section */
	};
	rootObject = 859A93842A74A5DC00F34C94 /* Project object */;
}
